# Auto-generated by dotagents. Do not edit.
version = 1

[skills.find-bugs]
source = "getsentry/skills"
resolved_url = "https://github.com/getsentry/skills.git"
resolved_path = "plugins/sentry-skills/skills/find-bugs"
commit = "c8881564e75eff4faaecc82d1c3f13356851b6e7"
integrity = "sha256-FWmCLdOj+x+XffiEg7Bx19drylVypeKz8me9OA757js="

[skills.warden-skill]
source = "getsentry/warden"
resolved_url = "https://github.com/getsentry/warden.git"
resolved_path = ".claude/skills/warden-skill"
commit = "bf8bc008ef99dd381d21c7a4e9dacc2769bd7738"
integrity = "sha256-g7g4avFU2KDTuY7ondgeyRIxny/nMW4Tkxbo+FC5pOw="

